
Microsoft Visual Studio Solution File, Format Version 12.00
# Visual Studio Version 16
VisualStudioVersion = 16.0.31515.178
MinimumVisualStudioVersion = 10.0.40219.1
Project("{FAE04EC0-301F-11D3-BF4B-00C04F79EFBC}") = "TicTacToeConsoleApp", "TicTacToeConsoleApp\TicTacToeConsoleApp.csproj", "{778C2AAF-F74F-43C5-86F7-55542A350681}"
EndProject
Global
	GlobalSection(SolutionConfigurationPlatforms) = preSolution
		Debug|Any CPU = Debug|Any CPU
		Release|Any CPU = Release|Any CPU
	EndGlobalSection
	GlobalSection(ProjectConfigurationPlatforms) = postSolution
		{778C2AAF-F74F-43C5-86F7-55542A350681}.Debug|Any CPU.ActiveCfg = Debug|Any CPU
		{778C2AAF-F74F-43C5-86F7-55542A350681}.Debug|Any CPU.Build.0 = Debug|Any CPU
		{778C2AAF-F74F-43C5-86F7-55542A350681}.Release|Any CPU.ActiveCfg = Release|Any CPU
		{778C2AAF-F74F-43C5-86F7-55542A350681}.Release|Any CPU.Build.0 = Release|Any CPU
	EndGlobalSection
	GlobalSection(SolutionProperties) = preSolution
		HideSolutionNode = FALSE
	EndGlobalSection
	GlobalSection(ExtensibilityGlobals) = postSolution
		SolutionGuid = {6BEBD8B1-9570-493C-BAE5-C31194FCB01C}
	EndGlobalSection
EndGlobal
