
Microsoft Visual Studio Solution File, Format Version 12.00
# Visual Studio Version 16
VisualStudioVersion = 16.0.31515.178
MinimumVisualStudioVersion = 10.0.40219.1
Project("{9A19103F-16F7-4668-BE54-9A1E7A4F7556}") = "TicTacToeConsoleApp", "TicTacToeConsoleApp\TicTacToeConsoleApp.csproj", "{778C2AAF-F74F-43C5-86F7-55542A350681}"
EndProject
Project("{9A19103F-16F7-4668-BE54-9A1E7A4F7556}") = "BasicDelegates", "BasicDelegates\BasicDelegates.csproj", "{1FBE6A17-06F6-4483-873C-C008CB350AC8}"
EndProject
Project("{9A19103F-16F7-4668-BE54-9A1E7A4F7556}") = "Anonymous delegates", "Anonymous delegates\Anonymous delegates.csproj", "{7FE5E2FE-D575-46A4-93AC-9680529A508A}"
EndProject
Project("{9A19103F-16F7-4668-BE54-9A1E7A4F7556}") = "ShippingCostWithoutDelegate", "ShippingCostDelegate\ShippingCostWithoutDelegate.csproj", "{EE083803-FB33-44A3-9A59-E55C08A7939A}"
EndProject
Project("{9A19103F-16F7-4668-BE54-9A1E7A4F7556}") = "ShippingInfoDelegate", "ShippingInfoDelegate\ShippingInfoDelegate.csproj", "{3445ADF2-47D8-4AE6-9AA5-C5EA37DE0FB5}"
EndProject
Project("{FAE04EC0-301F-11D3-BF4B-00C04F79EFBC}") = "OOPExamples", "SimpleClass\OOPExamples.csproj", "{C85EB46D-96B1-4A86-BFB3-5C7865845917}"
EndProject
Global
	GlobalSection(SolutionConfigurationPlatforms) = preSolution
		Debug|Any CPU = Debug|Any CPU
		Release|Any CPU = Release|Any CPU
	EndGlobalSection
	GlobalSection(ProjectConfigurationPlatforms) = postSolution
		{778C2AAF-F74F-43C5-86F7-55542A350681}.Debug|Any CPU.ActiveCfg = Debug|Any CPU
		{778C2AAF-F74F-43C5-86F7-55542A350681}.Debug|Any CPU.Build.0 = Debug|Any CPU
		{778C2AAF-F74F-43C5-86F7-55542A350681}.Release|Any CPU.ActiveCfg = Release|Any CPU
		{778C2AAF-F74F-43C5-86F7-55542A350681}.Release|Any CPU.Build.0 = Release|Any CPU
		{1FBE6A17-06F6-4483-873C-C008CB350AC8}.Debug|Any CPU.ActiveCfg = Debug|Any CPU
		{1FBE6A17-06F6-4483-873C-C008CB350AC8}.Debug|Any CPU.Build.0 = Debug|Any CPU
		{1FBE6A17-06F6-4483-873C-C008CB350AC8}.Release|Any CPU.ActiveCfg = Release|Any CPU
		{1FBE6A17-06F6-4483-873C-C008CB350AC8}.Release|Any CPU.Build.0 = Release|Any CPU
		{7FE5E2FE-D575-46A4-93AC-9680529A508A}.Debug|Any CPU.ActiveCfg = Debug|Any CPU
		{7FE5E2FE-D575-46A4-93AC-9680529A508A}.Debug|Any CPU.Build.0 = Debug|Any CPU
		{7FE5E2FE-D575-46A4-93AC-9680529A508A}.Release|Any CPU.ActiveCfg = Release|Any CPU
		{7FE5E2FE-D575-46A4-93AC-9680529A508A}.Release|Any CPU.Build.0 = Release|Any CPU
		{EE083803-FB33-44A3-9A59-E55C08A7939A}.Debug|Any CPU.ActiveCfg = Debug|Any CPU
		{EE083803-FB33-44A3-9A59-E55C08A7939A}.Debug|Any CPU.Build.0 = Debug|Any CPU
		{EE083803-FB33-44A3-9A59-E55C08A7939A}.Release|Any CPU.ActiveCfg = Release|Any CPU
		{EE083803-FB33-44A3-9A59-E55C08A7939A}.Release|Any CPU.Build.0 = Release|Any CPU
		{3445ADF2-47D8-4AE6-9AA5-C5EA37DE0FB5}.Debug|Any CPU.ActiveCfg = Debug|Any CPU
		{3445ADF2-47D8-4AE6-9AA5-C5EA37DE0FB5}.Debug|Any CPU.Build.0 = Debug|Any CPU
		{3445ADF2-47D8-4AE6-9AA5-C5EA37DE0FB5}.Release|Any CPU.ActiveCfg = Release|Any CPU
		{3445ADF2-47D8-4AE6-9AA5-C5EA37DE0FB5}.Release|Any CPU.Build.0 = Release|Any CPU
		{C85EB46D-96B1-4A86-BFB3-5C7865845917}.Debug|Any CPU.ActiveCfg = Debug|Any CPU
		{C85EB46D-96B1-4A86-BFB3-5C7865845917}.Debug|Any CPU.Build.0 = Debug|Any CPU
		{C85EB46D-96B1-4A86-BFB3-5C7865845917}.Release|Any CPU.ActiveCfg = Release|Any CPU
		{C85EB46D-96B1-4A86-BFB3-5C7865845917}.Release|Any CPU.Build.0 = Release|Any CPU
	EndGlobalSection
	GlobalSection(SolutionProperties) = preSolution
		HideSolutionNode = FALSE
	EndGlobalSection
	GlobalSection(ExtensibilityGlobals) = postSolution
		SolutionGuid = {6BEBD8B1-9570-493C-BAE5-C31194FCB01C}
	EndGlobalSection
EndGlobal
