
Microsoft Visual Studio Solution File, Format Version 12.00
# Visual Studio Version 16
VisualStudioVersion = 16.0.31515.178
MinimumVisualStudioVersion = 10.0.40219.1
Project("{FAE04EC0-301F-11D3-BF4B-00C04F79EFBC}") = "TDDpractice", "TDDpractice\TDDpractice.csproj", "{3B1E857F-5AAB-4672-8AC3-FDFED9B3581F}"
EndProject
Project("{FAE04EC0-301F-11D3-BF4B-00C04F79EFBC}") = "TDDpracticeTest", "TDDpracticeTest\TDDpracticeTest.csproj", "{A983886E-A9A8-4200-9D87-80E537FAC7D8}"
EndProject
Global
	GlobalSection(SolutionConfigurationPlatforms) = preSolution
		Debug|Any CPU = Debug|Any CPU
		Release|Any CPU = Release|Any CPU
	EndGlobalSection
	GlobalSection(ProjectConfigurationPlatforms) = postSolution
		{3B1E857F-5AAB-4672-8AC3-FDFED9B3581F}.Debug|Any CPU.ActiveCfg = Debug|Any CPU
		{3B1E857F-5AAB-4672-8AC3-FDFED9B3581F}.Debug|Any CPU.Build.0 = Debug|Any CPU
		{3B1E857F-5AAB-4672-8AC3-FDFED9B3581F}.Release|Any CPU.ActiveCfg = Release|Any CPU
		{3B1E857F-5AAB-4672-8AC3-FDFED9B3581F}.Release|Any CPU.Build.0 = Release|Any CPU
		{A983886E-A9A8-4200-9D87-80E537FAC7D8}.Debug|Any CPU.ActiveCfg = Debug|Any CPU
		{A983886E-A9A8-4200-9D87-80E537FAC7D8}.Debug|Any CPU.Build.0 = Debug|Any CPU
		{A983886E-A9A8-4200-9D87-80E537FAC7D8}.Release|Any CPU.ActiveCfg = Release|Any CPU
		{A983886E-A9A8-4200-9D87-80E537FAC7D8}.Release|Any CPU.Build.0 = Release|Any CPU
	EndGlobalSection
	GlobalSection(SolutionProperties) = preSolution
		HideSolutionNode = FALSE
	EndGlobalSection
	GlobalSection(ExtensibilityGlobals) = postSolution
		SolutionGuid = {9F24EAFF-9A08-4ECE-AA00-6FC16C6846B6}
	EndGlobalSection
EndGlobal
